
Microsoft Visual Studio Solution File, Format Version 12.00
# Visual Studio Version 17
VisualStudioVersion = 17.7.34031.279
MinimumVisualStudioVersion = 10.0.40219.1
Project("{FAE04EC0-301F-11D3-BF4B-00C04F79EFBC}") = "C-sharp-11-sql-2", "C-sharp-11-sql-2.csproj", "{DFFEE952-4774-4132-A435-6A0256F2603F}"
EndProject
Global
	GlobalSection(SolutionConfigurationPlatforms) = preSolution
		Debug|Any CPU = Debug|Any CPU
		Release|Any CPU = Release|Any CPU
	EndGlobalSection
	GlobalSection(ProjectConfigurationPlatforms) = postSolution
		{DFFEE952-4774-4132-A435-6A0256F2603F}.Debug|Any CPU.ActiveCfg = Debug|Any CPU
		{DFFEE952-4774-4132-A435-6A0256F2603F}.Debug|Any CPU.Build.0 = Debug|Any CPU
		{DFFEE952-4774-4132-A435-6A0256F2603F}.Release|Any CPU.ActiveCfg = Release|Any CPU
		{DFFEE952-4774-4132-A435-6A0256F2603F}.Release|Any CPU.Build.0 = Release|Any CPU
	EndGlobalSection
	GlobalSection(SolutionProperties) = preSolution
		HideSolutionNode = FALSE
	EndGlobalSection
	GlobalSection(ExtensibilityGlobals) = postSolution
		SolutionGuid = {8FD4E1A9-700A-45EF-8A5E-860D338C97A9}
	EndGlobalSection
EndGlobal
