
Microsoft Visual Studio Solution File, Format Version 12.00
# Visual Studio Version 17
VisualStudioVersion = 17.7.34031.279
MinimumVisualStudioVersion = 10.0.40219.1
Project("{FAE04EC0-301F-11D3-BF4B-00C04F79EFBC}") = "C-sharp-10-sql-1", "C-sharp-10-sql-1.csproj", "{2DA40021-D998-4865-93DA-790FEFAB789F}"
EndProject
Global
	GlobalSection(SolutionConfigurationPlatforms) = preSolution
		Debug|Any CPU = Debug|Any CPU
		Release|Any CPU = Release|Any CPU
	EndGlobalSection
	GlobalSection(ProjectConfigurationPlatforms) = postSolution
		{2DA40021-D998-4865-93DA-790FEFAB789F}.Debug|Any CPU.ActiveCfg = Debug|Any CPU
		{2DA40021-D998-4865-93DA-790FEFAB789F}.Debug|Any CPU.Build.0 = Debug|Any CPU
		{2DA40021-D998-4865-93DA-790FEFAB789F}.Release|Any CPU.ActiveCfg = Release|Any CPU
		{2DA40021-D998-4865-93DA-790FEFAB789F}.Release|Any CPU.Build.0 = Release|Any CPU
	EndGlobalSection
	GlobalSection(SolutionProperties) = preSolution
		HideSolutionNode = FALSE
	EndGlobalSection
	GlobalSection(ExtensibilityGlobals) = postSolution
		SolutionGuid = {1D2F4FD1-3E4C-4069-A873-1DE15A2B4A78}
	EndGlobalSection
EndGlobal
